
Microsoft Visual Studio Solution File, Format Version 12.00
# Visual Studio 15
VisualStudioVersion = 15.0.27428.2005
MinimumVisualStudioVersion = 10.0.40219.1
Project("{FAE04EC0-301F-11D3-BF4B-00C04F79EFBC}") = "DesignPattern_Decorator", "DesignPattern_Decorator\DesignPattern_Decorator.csproj", "{C79A9F44-71E8-4D23-B7E9-27A9F89CB073}"
EndProject
Global
	GlobalSection(SolutionConfigurationPlatforms) = preSolution
		Debug|Any CPU = Debug|Any CPU
		Release|Any CPU = Release|Any CPU
	EndGlobalSection
	GlobalSection(ProjectConfigurationPlatforms) = postSolution
		{C79A9F44-71E8-4D23-B7E9-27A9F89CB073}.Debug|Any CPU.ActiveCfg = Debug|Any CPU
		{C79A9F44-71E8-4D23-B7E9-27A9F89CB073}.Debug|Any CPU.Build.0 = Debug|Any CPU
		{C79A9F44-71E8-4D23-B7E9-27A9F89CB073}.Release|Any CPU.ActiveCfg = Release|Any CPU
		{C79A9F44-71E8-4D23-B7E9-27A9F89CB073}.Release|Any CPU.Build.0 = Release|Any CPU
	EndGlobalSection
	GlobalSection(SolutionProperties) = preSolution
		HideSolutionNode = FALSE
	EndGlobalSection
	GlobalSection(ExtensibilityGlobals) = postSolution
		SolutionGuid = {E926EE9D-3E64-4908-8B73-10F35E696ADB}
	EndGlobalSection
EndGlobal
